// !$*UTF8*$!
{
	archiveVersion = 1;
	classes = {
	};
	objectVersion = 46;
	objects = {

/* Begin PBXBuildFile section */
		AC7598681F60825D00ACE3C1 /* AppDelegate.swift in Sources */ = {isa = PBXBuildFile; fileRef = AC7598671F60825D00ACE3C1 /* AppDelegate.swift */; };
		AC75986A1F60825D00ACE3C1 /* ViewController.swift in Sources */ = {isa = PBXBuildFile; fileRef = AC7598691F60825D00ACE3C1 /* ViewController.swift */; };
		AC75986D1F60825D00ACE3C1 /* Main.storyboard in Resources */ = {isa = PBXBuildFile; fileRef = AC75986B1F60825D00ACE3C1 /* Main.storyboard */; };
		AC75986F1F60825D00ACE3C1 /* Assets.xcassets in Resources */ = {isa = PBXBuildFile; fileRef = AC75986E1F60825D00ACE3C1 /* Assets.xcassets */; };
		AC7598721F60825D00ACE3C1 /* LaunchScreen.storyboard in Resources */ = {isa = PBXBuildFile; fileRef = AC7598701F60825D00ACE3C1 /* LaunchScreen.storyboard */; };
		AC75987D1F60825D00ACE3C1 /* TestRealmTests.swift in Sources */ = {isa = PBXBuildFile; fileRef = AC75987C1F60825D00ACE3C1 /* TestRealmTests.swift */; };
		AC7598881F60825D00ACE3C1 /* TestRealmUITests.swift in Sources */ = {isa = PBXBuildFile; fileRef = AC7598871F60825D00ACE3C1 /* TestRealmUITests.swift */; };
/* End PBXBuildFile section */

/* Begin PBXContainerItemProxy section */
		AC7598791F60825D00ACE3C1 /* PBXContainerItemProxy */ = {
			isa = PBXContainerItemProxy;
			containerPortal = AC75985C1F60825D00ACE3C1 /* Project object */;
			proxyType = 1;
			remoteGlobalIDString = AC7598631F60825D00ACE3C1;
			remoteInfo = TestRealm;
		};
		AC7598841F60825D00ACE3C1 /* PBXContainerItemProxy */ = {
			isa = PBXContainerItemProxy;
			containerPortal = AC75985C1F60825D00ACE3C1 /* Project object */;
			proxyType = 1;
			remoteGlobalIDString = AC7598631F60825D00ACE3C1;
			remoteInfo = TestRealm;
		};
/* End PBXContainerItemProxy section */

/* Begin PBXFileReference section */
		AC7598641F60825D00ACE3C1 /* TestRealm.app */ = {isa = PBXFileReference; explicitFileType = wrapper.application; includeInIndex = 0; path = TestRealm.app; sourceTree = BUILT_PRODUCTS_DIR; };
		AC7598671F60825D00ACE3C1 /* AppDelegate.swift */ = {isa = PBXFileReference; lastKnownFileType = sourcecode.swift; path = AppDelegate.swift; sourceTree = "<group>"; };
		AC7598691F60825D00ACE3C1 /* ViewController.swift */ = {isa = PBXFileReference; lastKnownFileType = sourcecode.swift; path = ViewController.swift; sourceTree = "<group>"; };
		AC75986C1F60825D00ACE3C1 /* Base */ = {isa = PBXFileReference; lastKnownFileType = file.storyboard; name = Base; path = Base.lproj/Main.storyboard; sourceTree = "<group>"; };
		AC75986E1F60825D00ACE3C1 /* Assets.xcassets */ = {isa = PBXFileReference; lastKnownFileType = folder.assetcatalog; path = Assets.xcassets; sourceTree = "<group>"; };
		AC7598711F60825D00ACE3C1 /* Base */ = {isa = PBXFileReference; lastKnownFileType = file.storyboard; name = Base; path = Base.lproj/LaunchScreen.storyboard; sourceTree = "<group>"; };
		AC7598731F60825D00ACE3C1 /* Info.plist */ = {isa = PBXFileReference; lastKnownFileType = text.plist.xml; path = Info.plist; sourceTree = "<group>"; };
		AC7598781F60825D00ACE3C1 /* TestRealmTests.xctest */ = {isa = PBXFileReference; explicitFileType = wrapper.cfbundle; includeInIndex = 0; path = TestRealmTests.xctest; sourceTree = BUILT_PRODUCTS_DIR; };
		AC75987C1F60825D00ACE3C1 /* TestRealmTests.swift */ = {isa = PBXFileReference; lastKnownFileType = sourcecode.swift; path = TestRealmTests.swift; sourceTree = "<group>"; };
		AC75987E1F60825D00ACE3C1 /* Info.plist */ = {isa = PBXFileReference; lastKnownFileType = text.plist.xml; path = Info.plist; sourceTree = "<group>"; };
		AC7598831F60825D00ACE3C1 /* TestRealmUITests.xctest */ = {isa = PBXFileReference; explicitFileType = wrapper.cfbundle; includeInIndex = 0; path = TestRealmUITests.xctest; sourceTree = BUILT_PRODUCTS_DIR; };
		AC7598871F60825D00ACE3C1 /* TestRealmUITests.swift */ = {isa = PBXFileReference; lastKnownFileType = sourcecode.swift; path = TestRealmUITests.swift; sourceTree = "<group>"; };
		AC7598891F60825D00ACE3C1 /* Info.plist */ = {isa = PBXFileReference; lastKnownFileType = text.plist.xml; path = Info.plist; sourceTree = "<group>"; };
/* End PBXFileReference section */

/* Begin PBXFrameworksBuildPhase section */
		AC7598611F60825D00ACE3C1 /* Frameworks */ = {
			isa = PBXFrameworksBuildPhase;
			buildActionMask = 2147483647;
			files = (
			);
			runOnlyForDeploymentPostprocessing = 0;
		};
		AC7598751F60825D00ACE3C1 /* Frameworks */ = {
			isa = PBXFrameworksBuildPhase;
			buildActionMask = 2147483647;
			files = (
			);
			runOnlyForDeploymentPostprocessing = 0;
		};
		AC7598801F60825D00ACE3C1 /* Frameworks */ = {
			isa = PBXFrameworksBuildPhase;
			buildActionMask = 2147483647;
			files = (
			);
			runOnlyForDeploymentPostprocessing = 0;
		};
/* End PBXFrameworksBuildPhase section */

/* Begin PBXGroup section */
		AC75985B1F60825D00ACE3C1 = {
			isa = PBXGroup;
			children = (
				AC7598661F60825D00ACE3C1 /* TestRealm */,
				AC75987B1F60825D00ACE3C1 /* TestRealmTests */,
				AC7598861F60825D00ACE3C1 /* TestRealmUITests */,
				AC7598651F60825D00ACE3C1 /* Products */,
			);
			sourceTree = "<group>";
		};
		AC7598651F60825D00ACE3C1 /* Products */ = {
			isa = PBXGroup;
			children = (
				AC7598641F60825D00ACE3C1 /* TestRealm.app */,
				AC7598781F60825D00ACE3C1 /* TestRealmTests.xctest */,
				AC7598831F60825D00ACE3C1 /* TestRealmUITests.xctest */,
			);
			name = Products;
			sourceTree = "<group>";
		};
		AC7598661F60825D00ACE3C1 /* TestRealm */ = {
			isa = PBXGroup;
			children = (
				AC7598671F60825D00ACE3C1 /* AppDelegate.swift */,
				AC7598691F60825D00ACE3C1 /* ViewController.swift */,
				AC75986B1F60825D00ACE3C1 /* Main.storyboard */,
				AC75986E1F60825D00ACE3C1 /* Assets.xcassets */,
				AC7598701F60825D00ACE3C1 /* LaunchScreen.storyboard */,
				AC7598731F60825D00ACE3C1 /* Info.plist */,
			);
			path = TestRealm;
			sourceTree = "<group>";
		};
		AC75987B1F60825D00ACE3C1 /* TestRealmTests */ = {
			isa = PBXGroup;
			children = (
				AC75987C1F60825D00ACE3C1 /* TestRealmTests.swift */,
				AC75987E1F60825D00ACE3C1 /* Info.plist */,
			);
			path = TestRealmTests;
			sourceTree = "<group>";
		};
		AC7598861F60825D00ACE3C1 /* TestRealmUITests */ = {
			isa = PBXGroup;
			children = (
				AC7598871F60825D00ACE3C1 /* TestRealmUITests.swift */,
				AC7598891F60825D00ACE3C1 /* Info.plist */,
			);
			path = TestRealmUITests;
			sourceTree = "<group>";
		};
/* End PBXGroup section */

/* Begin PBXNativeTarget section */
		AC7598631F60825D00ACE3C1 /* TestRealm */ = {
			isa = PBXNativeTarget;
			buildConfigurationList = AC75988C1F60825D00ACE3C1 /* Build configuration list for PBXNativeTarget "TestRealm" */;
			buildPhases = (
				AC7598601F60825D00ACE3C1 /* Sources */,
				AC7598611F60825D00ACE3C1 /* Frameworks */,
				AC7598621F60825D00ACE3C1 /* Resources */,
			);
			buildRules = (
			);
			dependencies = (
			);
			name = TestRealm;
			productName = TestRealm;
			productReference = AC7598641F60825D00ACE3C1 /* TestRealm.app */;
			productType = "com.apple.product-type.application";
		};
		AC7598771F60825D00ACE3C1 /* TestRealmTests */ = {
			isa = PBXNativeTarget;
			buildConfigurationList = AC75988F1F60825D00ACE3C1 /* Build configuration list for PBXNativeTarget "TestRealmTests" */;
			buildPhases = (
				AC7598741F60825D00ACE3C1 /* Sources */,
				AC7598751F60825D00ACE3C1 /* Frameworks */,
				AC7598761F60825D00ACE3C1 /* Resources */,
			);
			buildRules = (
			);
			dependencies = (
				AC75987A1F60825D00ACE3C1 /* PBXTargetDependency */,
			);
			name = TestRealmTests;
			productName = TestRealmTests;
			productReference = AC7598781F60825D00ACE3C1 /* TestRealmTests.xctest */;
			productType = "com.apple.product-type.bundle.unit-test";
		};
		AC7598821F60825D00ACE3C1 /* TestRealmUITests */ = {
			isa = PBXNativeTarget;
			buildConfigurationList = AC7598921F60825D00ACE3C1 /* Build configuration list for PBXNativeTarget "TestRealmUITests" */;
			buildPhases = (
				AC75987F1F60825D00ACE3C1 /* Sources */,
				AC7598801F60825D00ACE3C1 /* Frameworks */,
				AC7598811F60825D00ACE3C1 /* Resources */,
			);
			buildRules = (
			);
			dependencies = (
				AC7598851F60825D00ACE3C1 /* PBXTargetDependency */,
			);
			name = TestRealmUITests;
			productName = TestRealmUITests;
			productReference = AC7598831F60825D00ACE3C1 /* TestRealmUITests.xctest */;
			productType = "com.apple.product-type.bundle.ui-testing";
		};
/* End PBXNativeTarget section */

/* Begin PBXProject section */
		AC75985C1F60825D00ACE3C1 /* Project object */ = {
			isa = PBXProject;
			attributes = {
				LastSwiftUpdateCheck = 0830;
				LastUpgradeCheck = 0830;
				ORGANIZATIONNAME = "Jonathan Leininger";
				TargetAttributes = {
					AC7598631F60825D00ACE3C1 = {
						CreatedOnToolsVersion = 8.3.3;
						DevelopmentTeam = W867W579MT;
						ProvisioningStyle = Automatic;
					};
					AC7598771F60825D00ACE3C1 = {
						CreatedOnToolsVersion = 8.3.3;
						DevelopmentTeam = W867W579MT;
						ProvisioningStyle = Automatic;
						TestTargetID = AC7598631F60825D00ACE3C1;
					};
					AC7598821F60825D00ACE3C1 = {
						CreatedOnToolsVersion = 8.3.3;
						DevelopmentTeam = W867W579MT;
						ProvisioningStyle = Automatic;
						TestTargetID = AC7598631F60825D00ACE3C1;
					};
				};
			};
			buildConfigurationList = AC75985F1F60825D00ACE3C1 /* Build configuration list for PBXProject "TestRealm" */;
			compatibilityVersion = "Xcode 3.2";
			developmentRegion = English;
			hasScannedForEncodings = 0;
			knownRegions = (
				en,
				Base,
			);
			mainGroup = AC75985B1F60825D00ACE3C1;
			productRefGroup = AC7598651F60825D00ACE3C1 /* Products */;
			projectDirPath = "";
			projectRoot = "";
			targets = (
				AC7598631F60825D00ACE3C1 /* TestRealm */,
				AC7598771F60825D00ACE3C1 /* TestRealmTests */,
				AC7598821F60825D00ACE3C1 /* TestRealmUITests */,
			);
		};
/* End PBXProject section */

/* Begin PBXResourcesBuildPhase section */
		AC7598621F60825D00ACE3C1 /* Resources */ = {
			isa = PBXResourcesBuildPhase;
			buildActionMask = 2147483647;
			files = (
				AC7598721F60825D00ACE3C1 /* LaunchScreen.storyboard in Resources */,
				AC75986F1F60825D00ACE3C1 /* Assets.xcassets in Resources */,
				AC75986D1F60825D00ACE3C1 /* Main.storyboard in Resources */,
			);
			runOnlyForDeploymentPostprocessing = 0;
		};
		AC7598761F60825D00ACE3C1 /* Resources */ = {
			isa = PBXResourcesBuildPhase;
			buildActionMask = 2147483647;
			files = (
			);
			runOnlyForDeploymentPostprocessing = 0;
		};
		AC7598811F60825D00ACE3C1 /* Resources */ = {
			isa = PBXResourcesBuildPhase;
			buildActionMask = 2147483647;
			files = (
			);
			runOnlyForDeploymentPostprocessing = 0;
		};
/* End PBXResourcesBuildPhase section */

/* Begin PBXSourcesBuildPhase section */
		AC7598601F60825D00ACE3C1 /* Sources */ = {
			isa = PBXSourcesBuildPhase;
			buildActionMask = 2147483647;
			files = (
				AC75986A1F60825D00ACE3C1 /* ViewController.swift in Sources */,
				AC7598681F60825D00ACE3C1 /* AppDelegate.swift in Sources */,
			);
			runOnlyForDeploymentPostprocessing = 0;
		};
		AC7598741F60825D00ACE3C1 /* Sources */ = {
			isa = PBXSourcesBuildPhase;
			buildActionMask = 2147483647;
			files = (
				AC75987D1F60825D00ACE3C1 /* TestRealmTests.swift in Sources */,
			);
			runOnlyForDeploymentPostprocessing = 0;
		};
		AC75987F1F60825D00ACE3C1 /* Sources */ = {
			isa = PBXSourcesBuildPhase;
			buildActionMask = 2147483647;
			files = (
				AC7598881F60825D00ACE3C1 /* TestRealmUITests.swift in Sources */,
			);
			runOnlyForDeploymentPostprocessing = 0;
		};
/* End PBXSourcesBuildPhase section */

/* Begin PBXTargetDependency section */
		AC75987A1F60825D00ACE3C1 /* PBXTargetDependency */ = {
			isa = PBXTargetDependency;
			target = AC7598631F60825D00ACE3C1 /* TestRealm */;
			targetProxy = AC7598791F60825D00ACE3C1 /* PBXContainerItemProxy */;
		};
		AC7598851F60825D00ACE3C1 /* PBXTargetDependency */ = {
			isa = PBXTargetDependency;
			target = AC7598631F60825D00ACE3C1 /* TestRealm */;
			targetProxy = AC7598841F60825D00ACE3C1 /* PBXContainerItemProxy */;
		};
/* End PBXTargetDependency section */

/* Begin PBXVariantGroup section */
		AC75986B1F60825D00ACE3C1 /* Main.storyboard */ = {
			isa = PBXVariantGroup;
			children = (
				AC75986C1F60825D00ACE3C1 /* Base */,
			);
			name = Main.storyboard;
			sourceTree = "<group>";
		};
		AC7598701F60825D00ACE3C1 /* LaunchScreen.storyboard */ = {
			isa = PBXVariantGroup;
			children = (
				AC7598711F60825D00ACE3C1 /* Base */,
			);
			name = LaunchScreen.storyboard;
			sourceTree = "<group>";
		};
/* End PBXVariantGroup section */

/* Begin XCBuildConfiguration section */
		AC75988A1F60825D00ACE3C1 /* Debug */ = {
			isa = XCBuildConfiguration;
			buildSettings = {
				ALWAYS_SEARCH_USER_PATHS = NO;
				CLANG_ANALYZER_NONNULL = YES;
				CLANG_ANALYZER_NUMBER_OBJECT_CONVERSION = YES_AGGRESSIVE;
				CLANG_CXX_LANGUAGE_STANDARD = "gnu++0x";
				CLANG_CXX_LIBRARY = "libc++";
				CLANG_ENABLE_MODULES = YES;
				CLANG_ENABLE_OBJC_ARC = YES;
				CLANG_WARN_BOOL_CONVERSION = YES;
				CLANG_WARN_CONSTANT_CONVERSION = YES;
				CLANG_WARN_DIRECT_OBJC_ISA_USAGE = YES_ERROR;
				CLANG_WARN_DOCUMENTATION_COMMENTS = YES;
				CLANG_WARN_EMPTY_BODY = YES;
				CLANG_WARN_ENUM_CONVERSION = YES;
				CLANG_WARN_INFINITE_RECURSION = YES;
				CLANG_WARN_INT_CONVERSION = YES;
				CLANG_WARN_OBJC_ROOT_CLASS = YES_ERROR;
				CLANG_WARN_SUSPICIOUS_MOVE = YES;
				CLANG_WARN_UNREACHABLE_CODE = YES;
				CLANG_WARN__DUPLICATE_METHOD_MATCH = YES;
				"CODE_SIGN_IDENTITY[sdk=iphoneos*]" = "iPhone Developer";
				COPY_PHASE_STRIP = NO;
				DEBUG_INFORMATION_FORMAT = dwarf;
				ENABLE_STRICT_OBJC_MSGSEND = YES;
				ENABLE_TESTABILITY = YES;
				GCC_C_LANGUAGE_STANDARD = gnu99;
				GCC_DYNAMIC_NO_PIC = NO;
				GCC_NO_COMMON_BLOCKS = YES;
				GCC_OPTIMIZATION_LEVEL = 0;
				GCC_PREPROCESSOR_DEFINITIONS = (
					"DEBUG=1",
					"$(inherited)",
				);
				GCC_WARN_64_TO_32_BIT_CONVERSION = YES;
				GCC_WARN_ABOUT_RETURN_TYPE = YES_ERROR;
				GCC_WARN_UNDECLARED_SELECTOR = YES;
				GCC_WARN_UNINITIALIZED_AUTOS = YES_AGGRESSIVE;
				GCC_WARN_UNUSED_FUNCTION = YES;
				GCC_WARN_UNUSED_VARIABLE = YES;
				IPHONEOS_DEPLOYMENT_TARGET = 10.3;
				MTL_ENABLE_DEBUG_INFO = YES;
				ONLY_ACTIVE_ARCH = YES;
				SDKROOT = iphoneos;
				SWIFT_ACTIVE_COMPILATION_CONDITIONS = DEBUG;
				SWIFT_OPTIMIZATION_LEVEL = "-Onone";
				TARGETED_DEVICE_FAMILY = "1,2";
			};
			name = Debug;
		};
		AC75988B1F60825D00ACE3C1 /* Release */ = {
			isa = XCBuildConfiguration;
			buildSettings = {
				ALWAYS_SEARCH_USER_PATHS = NO;
				CLANG_ANALYZER_NONNULL = YES;
				CLANG_ANALYZER_NUMBER_OBJECT_CONVERSION = YES_AGGRESSIVE;
				CLANG_CXX_LANGUAGE_STANDARD = "gnu++0x";
				CLANG_CXX_LIBRARY = "libc++";
				CLANG_ENABLE_MODULES = YES;
				CLANG_ENABLE_OBJC_ARC = YES;
				CLANG_WARN_BOOL_CONVERSION = YES;
				CLANG_WARN_CONSTANT_CONVERSION = YES;
				CLANG_WARN_DIRECT_OBJC_ISA_USAGE = YES_ERROR;
				CLANG_WARN_DOCUMENTATION_COMMENTS = YES;
				CLANG_WARN_EMPTY_BODY = YES;
				CLANG_WARN_ENUM_CONVERSION = YES;
				CLANG_WARN_INFINITE_RECURSION = YES;
				CLANG_WARN_INT_CONVERSION = YES;
				CLANG_WARN_OBJC_ROOT_CLASS = YES_ERROR;
				CLANG_WARN_SUSPICIOUS_MOVE = YES;
				CLANG_WARN_UNREACHABLE_CODE = YES;
				CLANG_WARN__DUPLICATE_METHOD_MATCH = YES;
				"CODE_SIGN_IDENTITY[sdk=iphoneos*]" = "iPhone Developer";
				COPY_PHASE_STRIP = NO;
				DEBUG_INFORMATION_FORMAT = "dwarf-with-dsym";
				ENABLE_NS_ASSERTIONS = NO;
				ENABLE_STRICT_OBJC_MSGSEND = YES;
				GCC_C_LANGUAGE_STANDARD = gnu99;
				GCC_NO_COMMON_BLOCKS = YES;
				GCC_WARN_64_TO_32_BIT_CONVERSION = YES;
				GCC_WARN_ABOUT_RETURN_TYPE = YES_ERROR;
				GCC_WARN_UNDECLARED_SELECTOR = YES;
				GCC_WARN_UNINITIALIZED_AUTOS = YES_AGGRESSIVE;
				GCC_WARN_UNUSED_FUNCTION = YES;
				GCC_WARN_UNUSED_VARIABLE = YES;
				IPHONEOS_DEPLOYMENT_TARGET = 10.3;
				MTL_ENABLE_DEBUG_INFO = NO;
				SDKROOT = iphoneos;
				SWIFT_OPTIMIZATION_LEVEL = "-Owholemodule";
				TARGETED_DEVICE_FAMILY = "1,2";
				VALIDATE_PRODUCT = YES;
			};
			name = Release;
		};
		AC75988D1F60825D00ACE3C1 /* Debug */ = {
			isa = XCBuildConfiguration;
			buildSettings = {
				ASSETCATALOG_COMPILER_APPICON_NAME = AppIcon;
				DEVELOPMENT_TEAM = W867W579MT;
				INFOPLIST_FILE = TestRealm/Info.plist;
				LD_RUNPATH_SEARCH_PATHS = "$(inherited) @executable_path/Frameworks";
				PRODUCT_BUNDLE_IDENTIFIER = com.leininger.jonathan.TestRealm;
				PRODUCT_NAME = "$(TARGET_NAME)";
				SWIFT_VERSION = 3.0;
			};
			name = Debug;
		};
		AC75988E1F60825D00ACE3C1 /* Release */ = {
			isa = XCBuildConfiguration;
			buildSettings = {
				ASSETCATALOG_COMPILER_APPICON_NAME = AppIcon;
				DEVELOPMENT_TEAM = W867W579MT;
				INFOPLIST_FILE = TestRealm/Info.plist;
				LD_RUNPATH_SEARCH_PATHS = "$(inherited) @executable_path/Frameworks";
				PRODUCT_BUNDLE_IDENTIFIER = com.leininger.jonathan.TestRealm;
				PRODUCT_NAME = "$(TARGET_NAME)";
				SWIFT_VERSION = 3.0;
			};
			name = Release;
		};
		AC7598901F60825D00ACE3C1 /* Debug */ = {
			isa = XCBuildConfiguration;
			buildSettings = {
				ALWAYS_EMBED_SWIFT_STANDARD_LIBRARIES = YES;
				BUNDLE_LOADER = "$(TEST_HOST)";
				DEVELOPMENT_TEAM = W867W579MT;
				INFOPLIST_FILE = TestRealmTests/Info.plist;
				LD_RUNPATH_SEARCH_PATHS = "$(inherited) @executable_path/Frameworks @loader_path/Frameworks";
				PRODUCT_BUNDLE_IDENTIFIER = com.leininger.jonathan.TestRealmTests;
				PRODUCT_NAME = "$(TARGET_NAME)";
				SWIFT_VERSION = 3.0;
				TEST_HOST = "$(BUILT_PRODUCTS_DIR)/TestRealm.app/TestRealm";
			};
			name = Debug;
		};
		AC7598911F60825D00ACE3C1 /* Release */ = {
			isa = XCBuildConfiguration;
			buildSettings = {
				ALWAYS_EMBED_SWIFT_STANDARD_LIBRARIES = YES;
				BUNDLE_LOADER = "$(TEST_HOST)";
				DEVELOPMENT_TEAM = W867W579MT;
				INFOPLIST_FILE = TestRealmTests/Info.plist;
				LD_RUNPATH_SEARCH_PATHS = "$(inherited) @executable_path/Frameworks @loader_path/Frameworks";
				PRODUCT_BUNDLE_IDENTIFIER = com.leininger.jonathan.TestRealmTests;
				PRODUCT_NAME = "$(TARGET_NAME)";
				SWIFT_VERSION = 3.0;
				TEST_HOST = "$(BUILT_PRODUCTS_DIR)/TestRealm.app/TestRealm";
			};
			name = Release;
		};
		AC7598931F60825D00ACE3C1 /* Debug */ = {
			isa = XCBuildConfiguration;
			buildSettings = {
				ALWAYS_EMBED_SWIFT_STANDARD_LIBRARIES = YES;
				DEVELOPMENT_TEAM = W867W579MT;
				INFOPLIST_FILE = TestRealmUITests/Info.plist;
				LD_RUNPATH_SEARCH_PATHS = "$(inherited) @executable_path/Frameworks @loader_path/Frameworks";
				PRODUCT_BUNDLE_IDENTIFIER = com.leininger.jonathan.TestRealmUITests;
				PRODUCT_NAME = "$(TARGET_NAME)";
				SWIFT_VERSION = 3.0;
				TEST_TARGET_NAME = TestRealm;
			};
			name = Debug;
		};
		AC7598941F60825D00ACE3C1 /* Release */ = {
			isa = XCBuildConfiguration;
			buildSettings = {
				ALWAYS_EMBED_SWIFT_STANDARD_LIBRARIES = YES;
				DEVELOPMENT_TEAM = W867W579MT;
				INFOPLIST_FILE = TestRealmUITests/Info.plist;
				LD_RUNPATH_SEARCH_PATHS = "$(inherited) @executable_path/Frameworks @loader_path/Frameworks";
				PRODUCT_BUNDLE_IDENTIFIER = com.leininger.jonathan.TestRealmUITests;
				PRODUCT_NAME = "$(TARGET_NAME)";
				SWIFT_VERSION = 3.0;
				TEST_TARGET_NAME = TestRealm;
			};
			name = Release;
		};
/* End XCBuildConfiguration section */

/* Begin XCConfigurationList section */
		AC75985F1F60825D00ACE3C1 /* Build configuration list for PBXProject "TestRealm" */ = {
			isa = XCConfigurationList;
			buildConfigurations = (
				AC75988A1F60825D00ACE3C1 /* Debug */,
				AC75988B1F60825D00ACE3C1 /* Release */,
			);
			defaultConfigurationIsVisible = 0;
			defaultConfigurationName = Release;
		};
		AC75988C1F60825D00ACE3C1 /* Build configuration list for PBXNativeTarget "TestRealm" */ = {
			isa = XCConfigurationList;
			buildConfigurations = (
				AC75988D1F60825D00ACE3C1 /* Debug */,
				AC75988E1F60825D00ACE3C1 /* Release */,
			);
			defaultConfigurationIsVisible = 0;
		};
		AC75988F1F60825D00ACE3C1 /* Build configuration list for PBXNativeTarget "TestRealmTests" */ = {
			isa = XCConfigurationList;
			buildConfigurations = (
				AC7598901F60825D00ACE3C1 /* Debug */,
				AC7598911F60825D00ACE3C1 /* Release */,
			);
			defaultConfigurationIsVisible = 0;
		};
		AC7598921F60825D00ACE3C1 /* Build configuration list for PBXNativeTarget "TestRealmUITests" */ = {
			isa = XCConfigurationList;
			buildConfigurations = (
				AC7598931F60825D00ACE3C1 /* Debug */,
				AC7598941F60825D00ACE3C1 /* Release */,
			);
			defaultConfigurationIsVisible = 0;
		};
/* End XCConfigurationList section */
	};
	rootObject = AC75985C1F60825D00ACE3C1 /* Project object */;
}
